
Microsoft Visual Studio Solution File, Format Version 12.00
# Visual Studio Version 17
VisualStudioVersion = 17.9.34607.119
MinimumVisualStudioVersion = 10.0.40219.1
Project("{FAE04EC0-301F-11D3-BF4B-00C04F79EFBC}") = "PII.EjemploGitHub01", "PII.EjemploGitHub01.csproj", "{9394E1AB-87EA-4874-92DE-AE4388488717}"
EndProject
Global
	GlobalSection(SolutionConfigurationPlatforms) = preSolution
		Debug|Any CPU = Debug|Any CPU
		Release|Any CPU = Release|Any CPU
	EndGlobalSection
	GlobalSection(ProjectConfigurationPlatforms) = postSolution
		{9394E1AB-87EA-4874-92DE-AE4388488717}.Debug|Any CPU.ActiveCfg = Debug|Any CPU
		{9394E1AB-87EA-4874-92DE-AE4388488717}.Debug|Any CPU.Build.0 = Debug|Any CPU
		{9394E1AB-87EA-4874-92DE-AE4388488717}.Release|Any CPU.ActiveCfg = Release|Any CPU
		{9394E1AB-87EA-4874-92DE-AE4388488717}.Release|Any CPU.Build.0 = Release|Any CPU
	EndGlobalSection
	GlobalSection(SolutionProperties) = preSolution
		HideSolutionNode = FALSE
	EndGlobalSection
	GlobalSection(ExtensibilityGlobals) = postSolution
		SolutionGuid = {F057EF85-CE63-43FD-B040-2B15AF7944E1}
	EndGlobalSection
EndGlobal
